
Microsoft Visual Studio Solution File, Format Version 12.00
# Visual Studio Version 17
VisualStudioVersion = 17.5.33516.290
MinimumVisualStudioVersion = 10.0.40219.1
Project("{FAE04EC0-301F-11D3-BF4B-00C04F79EFBC}") = "BlazorFinanceApp.Server", "BlazorFinanceApp\Server\BlazorFinanceApp.Server.csproj", "{4FB3A5D7-B1F7-4768-BE8E-18AB3CC14610}"
EndProject
Project("{FAE04EC0-301F-11D3-BF4B-00C04F79EFBC}") = "BlazorFinanceApp.Client", "BlazorFinanceApp\Client\BlazorFinanceApp.Client.csproj", "{F461CD42-443B-4478-AAD9-335F35879A80}"
EndProject
Project("{FAE04EC0-301F-11D3-BF4B-00C04F79EFBC}") = "BlazorFinanceApp.Shared", "BlazorFinanceApp\Shared\BlazorFinanceApp.Shared.csproj", "{96A2D9D0-2698-447D-9DA2-B54E3C210897}"
EndProject
Global
	GlobalSection(SolutionConfigurationPlatforms) = preSolution
		Debug|Any CPU = Debug|Any CPU
		Release|Any CPU = Release|Any CPU
	EndGlobalSection
	GlobalSection(ProjectConfigurationPlatforms) = postSolution
		{4FB3A5D7-B1F7-4768-BE8E-18AB3CC14610}.Debug|Any CPU.ActiveCfg = Debug|Any CPU
		{4FB3A5D7-B1F7-4768-BE8E-18AB3CC14610}.Debug|Any CPU.Build.0 = Debug|Any CPU
		{4FB3A5D7-B1F7-4768-BE8E-18AB3CC14610}.Release|Any CPU.ActiveCfg = Release|Any CPU
		{4FB3A5D7-B1F7-4768-BE8E-18AB3CC14610}.Release|Any CPU.Build.0 = Release|Any CPU
		{F461CD42-443B-4478-AAD9-335F35879A80}.Debug|Any CPU.ActiveCfg = Debug|Any CPU
		{F461CD42-443B-4478-AAD9-335F35879A80}.Debug|Any CPU.Build.0 = Debug|Any CPU
		{F461CD42-443B-4478-AAD9-335F35879A80}.Release|Any CPU.ActiveCfg = Release|Any CPU
		{F461CD42-443B-4478-AAD9-335F35879A80}.Release|Any CPU.Build.0 = Release|Any CPU
		{96A2D9D0-2698-447D-9DA2-B54E3C210897}.Debug|Any CPU.ActiveCfg = Debug|Any CPU
		{96A2D9D0-2698-447D-9DA2-B54E3C210897}.Debug|Any CPU.Build.0 = Debug|Any CPU
		{96A2D9D0-2698-447D-9DA2-B54E3C210897}.Release|Any CPU.ActiveCfg = Release|Any CPU
		{96A2D9D0-2698-447D-9DA2-B54E3C210897}.Release|Any CPU.Build.0 = Release|Any CPU
	EndGlobalSection
	GlobalSection(SolutionProperties) = preSolution
		HideSolutionNode = FALSE
	EndGlobalSection
	GlobalSection(ExtensibilityGlobals) = postSolution
		SolutionGuid = {316C8A15-C35D-406E-9B65-CBDB0F856AA8}
	EndGlobalSection
EndGlobal
